
Microsoft Visual Studio Solution File, Format Version 12.00
# Visual Studio 15
VisualStudioVersion = 15.0.27428.2037
MinimumVisualStudioVersion = 10.0.40219.1
Project("{FAE04EC0-301F-11D3-BF4B-00C04F79EFBC}") = "Stringscapes", "Stringscapes\Stringscapes.csproj", "{DDD16ECD-32A2-450A-AF67-5C784D2D9B1E}"
EndProject
Global
	GlobalSection(SolutionConfigurationPlatforms) = preSolution
		Debug|x86 = Debug|x86
		Release|x86 = Release|x86
	EndGlobalSection
	GlobalSection(ProjectConfigurationPlatforms) = postSolution
		{DDD16ECD-32A2-450A-AF67-5C784D2D9B1E}.Debug|x86.ActiveCfg = Debug|x86
		{DDD16ECD-32A2-450A-AF67-5C784D2D9B1E}.Debug|x86.Build.0 = Debug|x86
		{DDD16ECD-32A2-450A-AF67-5C784D2D9B1E}.Release|x86.ActiveCfg = Release|x86
		{DDD16ECD-32A2-450A-AF67-5C784D2D9B1E}.Release|x86.Build.0 = Release|x86
	EndGlobalSection
	GlobalSection(SolutionProperties) = preSolution
		HideSolutionNode = FALSE
	EndGlobalSection
	GlobalSection(ExtensibilityGlobals) = postSolution
		SolutionGuid = {14E7C3AB-994F-49B0-9A51-4B3A085EA717}
	EndGlobalSection
EndGlobal
